
Microsoft Visual Studio Solution File, Format Version 12.00
# Visual Studio Version 17
VisualStudioVersion = 17.0.31903.59
MinimumVisualStudioVersion = 10.0.40219.1
Project("{FAE04EC0-301F-11D3-BF4B-00C04F79EFBC}") = "AMLibrary", "AMLibrary\AMLibrary.csproj", "{04BB4F0E-2C6B-47F2-9FEE-EBEC8B1645D4}"
EndProject
Project("{FAE04EC0-301F-11D3-BF4B-00C04F79EFBC}") = "AMLibrary.Tests", "AMLibrary.Tests\AMLibrary.Tests.csproj", "{977724AE-F571-4B1D-9B00-B4BEE889942E}"
EndProject
Project("{FAE04EC0-301F-11D3-BF4B-00C04F79EFBC}") = "Demo", "Demo\Demo.csproj", "{B8330EFF-9E4E-4311-81C5-0920C657533B}"
EndProject
Global
	GlobalSection(SolutionConfigurationPlatforms) = preSolution
		Debug|Any CPU = Debug|Any CPU
		Release|Any CPU = Release|Any CPU
	EndGlobalSection
	GlobalSection(SolutionProperties) = preSolution
		HideSolutionNode = FALSE
	EndGlobalSection
	GlobalSection(ProjectConfigurationPlatforms) = postSolution
		{04BB4F0E-2C6B-47F2-9FEE-EBEC8B1645D4}.Debug|Any CPU.ActiveCfg = Debug|Any CPU
		{04BB4F0E-2C6B-47F2-9FEE-EBEC8B1645D4}.Debug|Any CPU.Build.0 = Debug|Any CPU
		{04BB4F0E-2C6B-47F2-9FEE-EBEC8B1645D4}.Release|Any CPU.ActiveCfg = Release|Any CPU
		{04BB4F0E-2C6B-47F2-9FEE-EBEC8B1645D4}.Release|Any CPU.Build.0 = Release|Any CPU
		{977724AE-F571-4B1D-9B00-B4BEE889942E}.Debug|Any CPU.ActiveCfg = Debug|Any CPU
		{977724AE-F571-4B1D-9B00-B4BEE889942E}.Debug|Any CPU.Build.0 = Debug|Any CPU
		{977724AE-F571-4B1D-9B00-B4BEE889942E}.Release|Any CPU.ActiveCfg = Release|Any CPU
		{977724AE-F571-4B1D-9B00-B4BEE889942E}.Release|Any CPU.Build.0 = Release|Any CPU
		{B8330EFF-9E4E-4311-81C5-0920C657533B}.Debug|Any CPU.ActiveCfg = Debug|Any CPU
		{B8330EFF-9E4E-4311-81C5-0920C657533B}.Debug|Any CPU.Build.0 = Debug|Any CPU
		{B8330EFF-9E4E-4311-81C5-0920C657533B}.Release|Any CPU.ActiveCfg = Release|Any CPU
		{B8330EFF-9E4E-4311-81C5-0920C657533B}.Release|Any CPU.Build.0 = Release|Any CPU
	EndGlobalSection
EndGlobal
